
Microsoft Visual Studio Solution File, Format Version 12.00
# Visual Studio 15
VisualStudioVersion = 15.0.27703.2000
MinimumVisualStudioVersion = 10.0.40219.1
Project("{FAE04EC0-301F-11D3-BF4B-00C04F79EFBC}") = "Cvte.Compiler.Core", "src\Cvte.Compiler.Core\Cvte.Compiler.Core.csproj", "{EFDCE47F-3FCE-4428-9F63-340806876FE5}"
EndProject
Project("{9A19103F-16F7-4668-BE54-9A1E7A4F7556}") = "Cvte.Compiler", "src\Cvte.Compiler\Cvte.Compiler.csproj", "{833511F2-E986-4D5E-8D34-EF53786801F3}"
EndProject
Project("{FAE04EC0-301F-11D3-BF4B-00C04F79EFBC}") = "Cvte.Compiler.Tests", "tests\Cvte.Compiler.Tests\Cvte.Compiler.Tests.csproj", "{5978AAB0-C4C1-44AF-AB92-27F8ECBF6F69}"
EndProject
Global
	GlobalSection(SolutionConfigurationPlatforms) = preSolution
		Debug|Any CPU = Debug|Any CPU
		Release|Any CPU = Release|Any CPU
	EndGlobalSection
	GlobalSection(ProjectConfigurationPlatforms) = postSolution
		{833511F2-E986-4D5E-8D34-EF53786801F3}.Debug|Any CPU.ActiveCfg = Debug|Any CPU
		{833511F2-E986-4D5E-8D34-EF53786801F3}.Debug|Any CPU.Build.0 = Debug|Any CPU
		{833511F2-E986-4D5E-8D34-EF53786801F3}.Release|Any CPU.ActiveCfg = Release|Any CPU
		{833511F2-E986-4D5E-8D34-EF53786801F3}.Release|Any CPU.Build.0 = Release|Any CPU
		{5978AAB0-C4C1-44AF-AB92-27F8ECBF6F69}.Debug|Any CPU.ActiveCfg = Debug|Any CPU
		{5978AAB0-C4C1-44AF-AB92-27F8ECBF6F69}.Debug|Any CPU.Build.0 = Debug|Any CPU
		{5978AAB0-C4C1-44AF-AB92-27F8ECBF6F69}.Release|Any CPU.ActiveCfg = Release|Any CPU
		{5978AAB0-C4C1-44AF-AB92-27F8ECBF6F69}.Release|Any CPU.Build.0 = Release|Any CPU
		{EFDCE47F-3FCE-4428-9F63-340806876FE5}.Debug|Any CPU.ActiveCfg = Debug|Any CPU
		{EFDCE47F-3FCE-4428-9F63-340806876FE5}.Debug|Any CPU.Build.0 = Debug|Any CPU
		{EFDCE47F-3FCE-4428-9F63-340806876FE5}.Release|Any CPU.ActiveCfg = Release|Any CPU
		{EFDCE47F-3FCE-4428-9F63-340806876FE5}.Release|Any CPU.Build.0 = Release|Any CPU
	EndGlobalSection
	GlobalSection(SolutionProperties) = preSolution
		HideSolutionNode = FALSE
	EndGlobalSection
	GlobalSection(ExtensibilityGlobals) = postSolution
		SolutionGuid = {22702A10-22E1-4670-8FCA-9581202E6CAB}
	EndGlobalSection
EndGlobal
