
Microsoft Visual Studio Solution File, Format Version 12.00
# Visual Studio Version 16
VisualStudioVersion = 16.0.28606.126
MinimumVisualStudioVersion = 10.0.40219.1
Project("{2150E333-8FDC-42A3-9474-1A3956D46DE8}") = "Solution Items", "Solution Items", "{41B6AF7A-C4D6-42F4-A1D2-A2E4271B2FD3}"
	ProjectSection(SolutionItems) = preProject
		.gitattributes = .gitattributes
		.gitignore = .gitignore
		README.md = README.md
	EndProjectSection
EndProject
Project("{FAE04EC0-301F-11D3-BF4B-00C04F79EFBC}") = "dotnetCampus.SourceFusion.Sample", "sample\dotnetCampus.SourceFusion.Sample\dotnetCampus.SourceFusion.Sample.csproj", "{772088C0-433C-4DB1-ADC6-591C4AB6804E}"
	ProjectSection(ProjectDependencies) = postProject
		{B26B6EF7-513B-458C-ACF3-27C977FCA0FD} = {B26B6EF7-513B-458C-ACF3-27C977FCA0FD}
	EndProjectSection
EndProject
Project("{9A19103F-16F7-4668-BE54-9A1E7A4F7556}") = "dotnetCampus.SourceFusion", "src\dotnetCampus.SourceFusion\dotnetCampus.SourceFusion.csproj", "{B26B6EF7-513B-458C-ACF3-27C977FCA0FD}"
EndProject
Project("{9A19103F-16F7-4668-BE54-9A1E7A4F7556}") = "SourceFusion.Tests", "tests\SourceFusion.Tests\SourceFusion.Tests.csproj", "{AE7FE8AF-7682-4E5F-95C6-59262A05403E}"
EndProject
Global
	GlobalSection(SolutionConfigurationPlatforms) = preSolution
		Debug|Any CPU = Debug|Any CPU
		Release|Any CPU = Release|Any CPU
	EndGlobalSection
	GlobalSection(ProjectConfigurationPlatforms) = postSolution
		{772088C0-433C-4DB1-ADC6-591C4AB6804E}.Debug|Any CPU.ActiveCfg = Debug|Any CPU
		{772088C0-433C-4DB1-ADC6-591C4AB6804E}.Debug|Any CPU.Build.0 = Debug|Any CPU
		{772088C0-433C-4DB1-ADC6-591C4AB6804E}.Release|Any CPU.ActiveCfg = Release|Any CPU
		{772088C0-433C-4DB1-ADC6-591C4AB6804E}.Release|Any CPU.Build.0 = Release|Any CPU
		{B26B6EF7-513B-458C-ACF3-27C977FCA0FD}.Debug|Any CPU.ActiveCfg = Debug|Any CPU
		{B26B6EF7-513B-458C-ACF3-27C977FCA0FD}.Debug|Any CPU.Build.0 = Debug|Any CPU
		{B26B6EF7-513B-458C-ACF3-27C977FCA0FD}.Release|Any CPU.ActiveCfg = Release|Any CPU
		{B26B6EF7-513B-458C-ACF3-27C977FCA0FD}.Release|Any CPU.Build.0 = Release|Any CPU
		{AE7FE8AF-7682-4E5F-95C6-59262A05403E}.Debug|Any CPU.ActiveCfg = Debug|Any CPU
		{AE7FE8AF-7682-4E5F-95C6-59262A05403E}.Debug|Any CPU.Build.0 = Debug|Any CPU
		{AE7FE8AF-7682-4E5F-95C6-59262A05403E}.Release|Any CPU.ActiveCfg = Release|Any CPU
		{AE7FE8AF-7682-4E5F-95C6-59262A05403E}.Release|Any CPU.Build.0 = Release|Any CPU
	EndGlobalSection
	GlobalSection(SolutionProperties) = preSolution
		HideSolutionNode = FALSE
	EndGlobalSection
	GlobalSection(ExtensibilityGlobals) = postSolution
		SolutionGuid = {22702A10-22E1-4670-8FCA-9581202E6CAB}
	EndGlobalSection
EndGlobal
