
Microsoft Visual Studio Solution File, Format Version 12.00
# Visual Studio Version 16
VisualStudioVersion = 16.0.28606.126
MinimumVisualStudioVersion = 10.0.40219.1
Project("{9A19103F-16F7-4668-BE54-9A1E7A4F7556}") = "SourceFusion.Tool", "src\SourceFusion.Tool\SourceFusion.Tool.csproj", "{EFDCE47F-3FCE-4428-9F63-340806876FE5}"
EndProject
Project("{9A19103F-16F7-4668-BE54-9A1E7A4F7556}") = "SourceFusion.Core", "src\SourceFusion\SourceFusion.Core.csproj", "{833511F2-E986-4D5E-8D34-EF53786801F3}"
EndProject
Project("{9A19103F-16F7-4668-BE54-9A1E7A4F7556}") = "SourceFusion.Tests", "tests\SourceFusion.Tests\SourceFusion.Tests.csproj", "{5978AAB0-C4C1-44AF-AB92-27F8ECBF6F69}"
EndProject
Project("{2150E333-8FDC-42A3-9474-1A3956D46DE8}") = "tests", "tests", "{02D03DE5-1A19-4002-92BD-0E3DC61A53C4}"
EndProject
Project("{2150E333-8FDC-42A3-9474-1A3956D46DE8}") = "Solution Items", "Solution Items", "{41B6AF7A-C4D6-42F4-A1D2-A2E4271B2FD3}"
	ProjectSection(SolutionItems) = preProject
		.gitattributes = .gitattributes
		.gitignore = .gitignore
		build\config.xml = build\config.xml
		Directory.Build.props = Directory.Build.props
		build\Version.props = build\Version.props
	EndProjectSection
EndProject
Project("{9A19103F-16F7-4668-BE54-9A1E7A4F7556}") = "dotnetCampus.Telescope", "src\dotnetCampus.Telescope\dotnetCampus.Telescope.csproj", "{556913DF-6532-4532-B514-2D1184ADC75B}"
EndProject
Project("{2150E333-8FDC-42A3-9474-1A3956D46DE8}") = "samples", "samples", "{78213588-C3B8-4E86-A19B-73DECD1ABA7B}"
EndProject
Project("{9A19103F-16F7-4668-BE54-9A1E7A4F7556}") = "dotnetCampus.Telescope.Sample", "src\dotnetCampus.Telescope.Sample\dotnetCampus.Telescope.Sample.csproj", "{50AE25A2-DF1B-4DE9-A7BE-C406F6497376}"
	ProjectSection(ProjectDependencies) = postProject
		{84DA7EE9-B511-407E-A510-DF390C742F0D} = {84DA7EE9-B511-407E-A510-DF390C742F0D}
	EndProjectSection
EndProject
Project("{9A19103F-16F7-4668-BE54-9A1E7A4F7556}") = "dotnetCampus.TelescopeTask", "src\dotnetCampus.TelescopeTask\dotnetCampus.TelescopeTask.csproj", "{09FF40A1-C13C-4D29-93B2-7A7C34D15694}"
EndProject
Project("{9A19103F-16F7-4668-BE54-9A1E7A4F7556}") = "dotnetCampus.Telescope.NuGet", "src\dotnetCampus.Telescope.NuGet\dotnetCampus.Telescope.NuGet.csproj", "{84DA7EE9-B511-407E-A510-DF390C742F0D}"
	ProjectSection(ProjectDependencies) = postProject
		{09FF40A1-C13C-4D29-93B2-7A7C34D15694} = {09FF40A1-C13C-4D29-93B2-7A7C34D15694}
		{556913DF-6532-4532-B514-2D1184ADC75B} = {556913DF-6532-4532-B514-2D1184ADC75B}
	EndProjectSection
EndProject
Global
	GlobalSection(SolutionConfigurationPlatforms) = preSolution
		Debug|Any CPU = Debug|Any CPU
		Release|Any CPU = Release|Any CPU
	EndGlobalSection
	GlobalSection(ProjectConfigurationPlatforms) = postSolution
		{EFDCE47F-3FCE-4428-9F63-340806876FE5}.Debug|Any CPU.ActiveCfg = Debug|Any CPU
		{EFDCE47F-3FCE-4428-9F63-340806876FE5}.Debug|Any CPU.Build.0 = Debug|Any CPU
		{EFDCE47F-3FCE-4428-9F63-340806876FE5}.Release|Any CPU.ActiveCfg = Release|Any CPU
		{EFDCE47F-3FCE-4428-9F63-340806876FE5}.Release|Any CPU.Build.0 = Release|Any CPU
		{833511F2-E986-4D5E-8D34-EF53786801F3}.Debug|Any CPU.ActiveCfg = Debug|Any CPU
		{833511F2-E986-4D5E-8D34-EF53786801F3}.Debug|Any CPU.Build.0 = Debug|Any CPU
		{833511F2-E986-4D5E-8D34-EF53786801F3}.Release|Any CPU.ActiveCfg = Release|Any CPU
		{833511F2-E986-4D5E-8D34-EF53786801F3}.Release|Any CPU.Build.0 = Release|Any CPU
		{5978AAB0-C4C1-44AF-AB92-27F8ECBF6F69}.Debug|Any CPU.ActiveCfg = Debug|Any CPU
		{5978AAB0-C4C1-44AF-AB92-27F8ECBF6F69}.Debug|Any CPU.Build.0 = Debug|Any CPU
		{5978AAB0-C4C1-44AF-AB92-27F8ECBF6F69}.Release|Any CPU.ActiveCfg = Release|Any CPU
		{5978AAB0-C4C1-44AF-AB92-27F8ECBF6F69}.Release|Any CPU.Build.0 = Release|Any CPU
		{556913DF-6532-4532-B514-2D1184ADC75B}.Debug|Any CPU.ActiveCfg = Debug|Any CPU
		{556913DF-6532-4532-B514-2D1184ADC75B}.Debug|Any CPU.Build.0 = Debug|Any CPU
		{556913DF-6532-4532-B514-2D1184ADC75B}.Release|Any CPU.ActiveCfg = Release|Any CPU
		{556913DF-6532-4532-B514-2D1184ADC75B}.Release|Any CPU.Build.0 = Release|Any CPU
		{50AE25A2-DF1B-4DE9-A7BE-C406F6497376}.Debug|Any CPU.ActiveCfg = Debug|Any CPU
		{50AE25A2-DF1B-4DE9-A7BE-C406F6497376}.Debug|Any CPU.Build.0 = Debug|Any CPU
		{50AE25A2-DF1B-4DE9-A7BE-C406F6497376}.Release|Any CPU.ActiveCfg = Release|Any CPU
		{50AE25A2-DF1B-4DE9-A7BE-C406F6497376}.Release|Any CPU.Build.0 = Release|Any CPU
		{09FF40A1-C13C-4D29-93B2-7A7C34D15694}.Debug|Any CPU.ActiveCfg = Debug|Any CPU
		{09FF40A1-C13C-4D29-93B2-7A7C34D15694}.Debug|Any CPU.Build.0 = Debug|Any CPU
		{09FF40A1-C13C-4D29-93B2-7A7C34D15694}.Release|Any CPU.ActiveCfg = Release|Any CPU
		{09FF40A1-C13C-4D29-93B2-7A7C34D15694}.Release|Any CPU.Build.0 = Release|Any CPU
		{84DA7EE9-B511-407E-A510-DF390C742F0D}.Debug|Any CPU.ActiveCfg = Debug|Any CPU
		{84DA7EE9-B511-407E-A510-DF390C742F0D}.Debug|Any CPU.Build.0 = Debug|Any CPU
		{84DA7EE9-B511-407E-A510-DF390C742F0D}.Release|Any CPU.ActiveCfg = Release|Any CPU
		{84DA7EE9-B511-407E-A510-DF390C742F0D}.Release|Any CPU.Build.0 = Release|Any CPU
	EndGlobalSection
	GlobalSection(SolutionProperties) = preSolution
		HideSolutionNode = FALSE
	EndGlobalSection
	GlobalSection(NestedProjects) = preSolution
		{5978AAB0-C4C1-44AF-AB92-27F8ECBF6F69} = {02D03DE5-1A19-4002-92BD-0E3DC61A53C4}
		{50AE25A2-DF1B-4DE9-A7BE-C406F6497376} = {78213588-C3B8-4E86-A19B-73DECD1ABA7B}
	EndGlobalSection
	GlobalSection(ExtensibilityGlobals) = postSolution
		SolutionGuid = {22702A10-22E1-4670-8FCA-9581202E6CAB}
	EndGlobalSection
EndGlobal
